dependencies:
- name: postgresql
  repository: oci://registry-1.docker.io/bitnamicharts
  version: 18.7.8
- name: redis
  repository: oci://registry-1.docker.io/bitnamicharts
  version: 27.0.12
digest: sha256:40c1c56677c720fd522f86abb5faa584e936293aaf2d1c262dd46948cbd1af54
generated: "2026-06-25T13:02:04.3935062+05:30"
